
Microsoft Visual Studio Solution File, Format Version 12.00
# Visual Studio Version 17
VisualStudioVersion = 17.7.34031.279
MinimumVisualStudioVersion = 10.0.40219.1
Project("{9A19103F-16F7-4668-BE54-9A1E7A4F7556}") = "rehber", "rehber\rehber.csproj", "{43316F98-9FD4-48C7-BA6D-712279FA331E}"
EndProject
Project("{9A19103F-16F7-4668-BE54-9A1E7A4F7556}") = "Entities", "Entities\Entities.csproj", "{17557BE7-4242-452C-9B14-9E3808B3C718}"
EndProject
Project("{9A19103F-16F7-4668-BE54-9A1E7A4F7556}") = "Repositories", "Repositories\Repositories.csproj", "{E2A08C88-15F9-4432-84D8-F391E0A8C859}"
EndProject
Project("{9A19103F-16F7-4668-BE54-9A1E7A4F7556}") = "Services", "Services\Services.csproj", "{41DE6DDE-0DFE-41BB-8F35-89FB39811BD7}"
EndProject
Global
	GlobalSection(SolutionConfigurationPlatforms) = preSolution
		Debug|Any CPU = Debug|Any CPU
		Release|Any CPU = Release|Any CPU
	EndGlobalSection
	GlobalSection(ProjectConfigurationPlatforms) = postSolution
		{43316F98-9FD4-48C7-BA6D-712279FA331E}.Debug|Any CPU.ActiveCfg = Debug|Any CPU
		{43316F98-9FD4-48C7-BA6D-712279FA331E}.Debug|Any CPU.Build.0 = Debug|Any CPU
		{43316F98-9FD4-48C7-BA6D-712279FA331E}.Release|Any CPU.ActiveCfg = Release|Any CPU
		{43316F98-9FD4-48C7-BA6D-712279FA331E}.Release|Any CPU.Build.0 = Release|Any CPU
		{17557BE7-4242-452C-9B14-9E3808B3C718}.Debug|Any CPU.ActiveCfg = Debug|Any CPU
		{17557BE7-4242-452C-9B14-9E3808B3C718}.Debug|Any CPU.Build.0 = Debug|Any CPU
		{17557BE7-4242-452C-9B14-9E3808B3C718}.Release|Any CPU.ActiveCfg = Release|Any CPU
		{17557BE7-4242-452C-9B14-9E3808B3C718}.Release|Any CPU.Build.0 = Release|Any CPU
		{E2A08C88-15F9-4432-84D8-F391E0A8C859}.Debug|Any CPU.ActiveCfg = Debug|Any CPU
		{E2A08C88-15F9-4432-84D8-F391E0A8C859}.Debug|Any CPU.Build.0 = Debug|Any CPU
		{E2A08C88-15F9-4432-84D8-F391E0A8C859}.Release|Any CPU.ActiveCfg = Release|Any CPU
		{E2A08C88-15F9-4432-84D8-F391E0A8C859}.Release|Any CPU.Build.0 = Release|Any CPU
		{41DE6DDE-0DFE-41BB-8F35-89FB39811BD7}.Debug|Any CPU.ActiveCfg = Debug|Any CPU
		{41DE6DDE-0DFE-41BB-8F35-89FB39811BD7}.Debug|Any CPU.Build.0 = Debug|Any CPU
		{41DE6DDE-0DFE-41BB-8F35-89FB39811BD7}.Release|Any CPU.ActiveCfg = Release|Any CPU
		{41DE6DDE-0DFE-41BB-8F35-89FB39811BD7}.Release|Any CPU.Build.0 = Release|Any CPU
	EndGlobalSection
	GlobalSection(SolutionProperties) = preSolution
		HideSolutionNode = FALSE
	EndGlobalSection
	GlobalSection(ExtensibilityGlobals) = postSolution
		SolutionGuid = {C4E9917C-C78A-4971-9995-A5665CC2A13F}
	EndGlobalSection
EndGlobal
